
Microsoft Visual Studio Solution File, Format Version 11.00
# Visual Studio 2010
Project("{FAE04EC0-301F-11D3-BF4B-00C04F79EFBC}") = "Assembly-CSharp", "Assembly-CSharp.csproj", "{3DBCCDC1-C4CF-D173-6F32-DED8AEF5D989}"
EndProject
Global
	GlobalSection(SolutionConfigurationPlatforms) = preSolution
		Debug|Any CPU = Debug|Any CPU
		Release|Any CPU = Release|Any CPU
	EndGlobalSection
	GlobalSection(ProjectConfigurationPlatforms) = postSolution
		{3DBCCDC1-C4CF-D173-6F32-DED8AEF5D989}.Debug|Any CPU.ActiveCfg = Debug|Any CPU
		{3DBCCDC1-C4CF-D173-6F32-DED8AEF5D989}.Debug|Any CPU.Build.0 = Debug|Any CPU
		{3DBCCDC1-C4CF-D173-6F32-DED8AEF5D989}.Release|Any CPU.ActiveCfg = Release|Any CPU
		{3DBCCDC1-C4CF-D173-6F32-DED8AEF5D989}.Release|Any CPU.Build.0 = Release|Any CPU
	EndGlobalSection
	GlobalSection(SolutionProperties) = preSolution
		HideSolutionNode = FALSE
	EndGlobalSection
EndGlobal
